# THIS IS AN AUTOGENERATED FILE. DO NOT EDIT THIS FILE DIRECTLY.
# yarn lockfile v1


"@opensearch-project/opensearch@^2.3.0":
  version "2.3.0"
  resolved "https://registry.yarnpkg.com/@opensearch-project/opensearch/-/opensearch-2.3.0.tgz#ac1703e14e29f20e6e2513d3b33d363e05409dc5"
  integrity sha512-sqMLZj477aoSEcODcTjJCCzm58cbv6BUionZ2jCcBzfSLgHS9jnmNFdVrUy998QOOkoRHIcZ6DAzjInmI9WQzg==
  dependencies:
    aws4 "^1.11.0"
    debug "^4.3.1"
    hpagent "^1.2.0"
    ms "^2.1.3"
    secure-json-parse "^2.4.0"

"@types/node@^18.16.0":
  version "18.16.19"
  resolved "https://registry.yarnpkg.com/@types/node/-/node-18.16.19.tgz#cb03fca8910fdeb7595b755126a8a78144714eea"
  integrity sha512-IXl7o+R9iti9eBW4Wg2hx1xQDig183jj7YLn8F7udNceyfkbn1ZxmzZXuak20gR40D7pIkIY1kYGx5VIGbaHKA==

"@types/uuid@^9.0.2":
  version "9.0.2"
  resolved "https://registry.yarnpkg.com/@types/uuid/-/uuid-9.0.2.tgz#ede1d1b1e451548d44919dc226253e32a6952c4b"
  integrity sha512-kNnC1GFBLuhImSnV7w4njQkUiJi0ZXUycu1rUaouPqiKlXkh77JKgdRnTAp1x5eBwcIwbtI+3otwzuIDEuDoxQ==

async-lock@^1.1.0:
  version "1.4.0"
  resolved "https://registry.yarnpkg.com/async-lock/-/async-lock-1.4.0.tgz#c8b6630eff68fbbdd8a5b6eb763dac3bfbb8bf02"
  integrity sha512-coglx5yIWuetakm3/1dsX9hxCNox22h7+V80RQOu2XUUMidtArxKoZoOtHUPuR84SycKTXzgGzAUR5hJxujyJQ==

aws4@^1.11.0:
  version "1.12.0"
  resolved "https://registry.yarnpkg.com/aws4/-/aws4-1.12.0.tgz#ce1c9d143389679e253b314241ea9aa5cec980d3"
  integrity sha512-NmWvPnx0F1SfrQbYwOi7OeaNGokp9XhzNioJ/CSBs8Qa4vxug81mhJEAVZwxXuBmYB5KDRfMq/F3RR0BIU7sWg==

clean-git-ref@^2.0.1:
  version "2.0.1"
  resolved "https://registry.yarnpkg.com/clean-git-ref/-/clean-git-ref-2.0.1.tgz#dcc0ca093b90e527e67adb5a5e55b1af6816dcd9"
  integrity sha512-bLSptAy2P0s6hU4PzuIMKmMJJSE6gLXGH1cntDu7bWJUksvuM+7ReOK61mozULErYvP6a15rnYl0zFDef+pyPw==

crc-32@^1.2.0:
  version "1.2.2"
  resolved "https://registry.yarnpkg.com/crc-32/-/crc-32-1.2.2.tgz#3cad35a934b8bf71f25ca524b6da51fb7eace2ff"
  integrity sha512-ROmzCKrTnOwybPcJApAA6WBWij23HVfGVNKqqrZpuyZOHqK2CwHSvpGuyt/UNNvaIjEd8X5IFGp4Mh+Ie1IHJQ==

debug@^4.3.1:
  version "4.3.4"
  resolved "https://registry.yarnpkg.com/debug/-/debug-4.3.4.tgz#1319f6579357f2338d3337d2cdd4914bb5dcc865"
  integrity sha512-PRWFHuSU3eDtQJPvnNY7Jcket1j0t5OuOsFzPPzsekD52Zl8qUfFIPEiswXqIvHWGVHOgX+7G/vCNNhehwxfkQ==
  dependencies:
    ms "2.1.2"

decompress-response@^6.0.0:
  version "6.0.0"
  resolved "https://registry.yarnpkg.com/decompress-response/-/decompress-response-6.0.0.tgz#ca387612ddb7e104bd16d85aab00d5ecf09c66fc"
  integrity sha512-aW35yZM6Bb/4oJlZncMH2LCoZtJXTRxES17vE3hoRiowU2kWHaJKFkSBDnDR+cm9J+9QhXmREyIfv0pji9ejCQ==
  dependencies:
    mimic-response "^3.1.0"

diff3@0.0.3:
  version "0.0.3"
  resolved "https://registry.yarnpkg.com/diff3/-/diff3-0.0.3.tgz#d4e5c3a4cdf4e5fe1211ab42e693fcb4321580fc"
  integrity sha512-iSq8ngPOt0K53A6eVr4d5Kn6GNrM2nQZtC740pzIriHtn4pOQ2lyzEXQMBeVcWERN0ye7fhBsk9PbLLQOnUx/g==

dotenv@^16.3.1:
  version "16.3.1"
  resolved "https://registry.yarnpkg.com/dotenv/-/dotenv-16.3.1.tgz#369034de7d7e5b120972693352a3bf112172cc3e"
  integrity sha512-IPzF4w4/Rd94bA9imS68tZBaYyBWSCE47V1RGuMrB94iyTOIEwRmVL2x/4An+6mETpLrKJ5hQkB8W4kFAadeIQ==

hpagent@^1.2.0:
  version "1.2.0"
  resolved "https://registry.yarnpkg.com/hpagent/-/hpagent-1.2.0.tgz#0ae417895430eb3770c03443456b8d90ca464903"
  integrity sha512-A91dYTeIB6NoXG+PxTQpCCDDnfHsW9kc06Lvpu1TEe9gnd6ZFeiBoRO9JvzEv6xK7EX97/dUE8g/vBMTqTS3CA==

ignore@^5.1.4:
  version "5.2.4"
  resolved "https://registry.yarnpkg.com/ignore/-/ignore-5.2.4.tgz#a291c0c6178ff1b960befe47fcdec301674a6324"
  integrity sha512-MAb38BcSbH0eHNBxn7ql2NH/kX33OkB3lZ1BNdh7ENeRChHTYsTvWrMubiIAMNS2llXEEgZ1MUOBtXChP3kaFQ==

inherits@^2.0.1, inherits@^2.0.3:
  version "2.0.4"
  resolved "https://registry.yarnpkg.com/inherits/-/inherits-2.0.4.tgz#0fa2c64f932917c3433a0ded55363aae37416b7c"
  integrity sha512-k/vGaX4/Yla3WzyMCvTQOXYeIHvqOKtnqBduzTHpzpQZzAskKMhZ2K+EnBiSM9zGSoIFeMpXKxa4dYeZIQqewQ==

isomorphic-git@^1.24.5:
  version "1.24.5"
  resolved "https://registry.yarnpkg.com/isomorphic-git/-/isomorphic-git-1.24.5.tgz#f4816494eae81d94f9fd3a6d657b02cd0a08c456"
  integrity sha512-07M4YscftHZJIuw7xZhgWkdFvVjHSBJBsIwWXkxgFCivhb0l8mGNchM7nO2hU27EKSIf0sT4gJivEgLGohWbzA==
  dependencies:
    async-lock "^1.1.0"
    clean-git-ref "^2.0.1"
    crc-32 "^1.2.0"
    diff3 "0.0.3"
    ignore "^5.1.4"
    minimisted "^2.0.0"
    pako "^1.0.10"
    pify "^4.0.1"
    readable-stream "^3.4.0"
    sha.js "^2.4.9"
    simple-get "^4.0.1"

mimic-response@^3.1.0:
  version "3.1.0"
  resolved "https://registry.yarnpkg.com/mimic-response/-/mimic-response-3.1.0.tgz#2d1d59af9c1b129815accc2c46a022a5ce1fa3c9"
  integrity sha512-z0yWI+4FDrrweS8Zmt4Ej5HdJmky15+L2e6Wgn3+iK5fWzb6T3fhNFq2+MeTRb064c6Wr4N/wv0DzQTjNzHNGQ==

minimist@^1.2.5:
  version "1.2.8"
  resolved "https://registry.yarnpkg.com/minimist/-/minimist-1.2.8.tgz#c1a464e7693302e082a075cee0c057741ac4772c"
  integrity sha512-2yyAR8qBkN3YuheJanUpWC5U3bb5osDywNB8RzDVlDwDHbocAJveqqj1u8+SVD7jkWT4yvsHCpWqqWqAxb0zCA==

minimisted@^2.0.0:
  version "2.0.1"
  resolved "https://registry.yarnpkg.com/minimisted/-/minimisted-2.0.1.tgz#d059fb905beecf0774bc3b308468699709805cb1"
  integrity sha512-1oPjfuLQa2caorJUM8HV8lGgWCc0qqAO1MNv/k05G4qslmsndV/5WdNZrqCiyqiz3wohia2Ij2B7w2Dr7/IyrA==
  dependencies:
    minimist "^1.2.5"

ms@2.1.2:
  version "2.1.2"
  resolved "https://registry.yarnpkg.com/ms/-/ms-2.1.2.tgz#d09d1f357b443f493382a8eb3ccd183872ae6009"
  integrity sha512-sGkPx+VjMtmA6MX27oA4FBFELFCZZ4S4XqeGOXCv68tT+jb3vk/RyaKWP0PTKyWtmLSM0b+adUTEvbs1PEaH2w==

ms@^2.1.3:
  version "2.1.3"
  resolved "https://registry.yarnpkg.com/ms/-/ms-2.1.3.tgz#574c8138ce1d2b5861f0b44579dbadd60c6615b2"
  integrity sha512-6FlzubTLZG3J2a/NVCAleEhjzq5oxgHyaCU9yYXvcLsvoVaHJq/s5xXI6/XXP6tz7R9xAOtHnSO/tXtF3WRTlA==

nanoid@^3.3.6:
  version "3.3.6"
  resolved "https://registry.yarnpkg.com/nanoid/-/nanoid-3.3.6.tgz#443380c856d6e9f9824267d960b4236ad583ea4c"
  integrity sha512-BGcqMMJuToF7i1rt+2PWSNVnWIkGCU78jBG3RxO/bZlnZPK2Cmi2QaffxGO/2RvWi9sL+FAiRiXMgsyxQ1DIDA==

once@^1.3.1:
  version "1.4.0"
  resolved "https://registry.yarnpkg.com/once/-/once-1.4.0.tgz#583b1aa775961d4b113ac17d9c50baef9dd76bd1"
  integrity sha512-lNaJgI+2Q5URQBkccEKHTQOPaXdUxnZZElQTZY0MFUAuaEqe1E+Nyvgdz/aIyNi6Z9MzO5dv1H8n58/GELp3+w==
  dependencies:
    wrappy "1"

pako@^1.0.10:
  version "1.0.11"
  resolved "https://registry.yarnpkg.com/pako/-/pako-1.0.11.tgz#6c9599d340d54dfd3946380252a35705a6b992bf"
  integrity sha512-4hLB8Py4zZce5s4yd9XzopqwVv/yGNhV1Bl8NTmCq1763HeK2+EwVTv+leGeL13Dnh2wfbqowVPXCIO0z4taYw==

picocolors@^1.0.0:
  version "1.0.0"
  resolved "https://registry.yarnpkg.com/picocolors/-/picocolors-1.0.0.tgz#cb5bdc74ff3f51892236eaf79d68bc44564ab81c"
  integrity sha512-1fygroTLlHu66zi26VoTDv8yRgm0Fccecssto+MhsZ0D/DGW2sm8E8AjW7NU5VVTRt5GxbeZ5qBuJr+HyLYkjQ==

pify@^4.0.1:
  version "4.0.1"
  resolved "https://registry.yarnpkg.com/pify/-/pify-4.0.1.tgz#4b2cd25c50d598735c50292224fd8c6df41e3231"
  integrity sha512-uB80kBFb/tfd68bVleG9T5GGsGPjJrLAUpR5PZIrhBnIaRTQRjqdJSsIKkOP6OAIFbj7GOrcudc5pNjZ+geV2g==

postcss-scss@^4.0.6:
  version "4.0.6"
  resolved "https://registry.yarnpkg.com/postcss-scss/-/postcss-scss-4.0.6.tgz#5d62a574b950a6ae12f2aa89b60d63d9e4432bfd"
  integrity sha512-rLDPhJY4z/i4nVFZ27j9GqLxj1pwxE80eAzUNRMXtcpipFYIeowerzBgG3yJhMtObGEXidtIgbUpQ3eLDsf5OQ==

postcss@^8.4.26:
  version "8.4.26"
  resolved "https://registry.yarnpkg.com/postcss/-/postcss-8.4.26.tgz#1bc62ab19f8e1e5463d98cf74af39702a00a9e94"
  integrity sha512-jrXHFF8iTloAenySjM/ob3gSj7pCu0Ji49hnjqzsgSRa50hkWCKD0HQ+gMNJkW38jBI68MpAAg7ZWwHwX8NMMw==
  dependencies:
    nanoid "^3.3.6"
    picocolors "^1.0.0"
    source-map-js "^1.0.2"

readable-stream@^3.4.0:
  version "3.6.2"
  resolved "https://registry.yarnpkg.com/readable-stream/-/readable-stream-3.6.2.tgz#56a9b36ea965c00c5a93ef31eb111a0f11056967"
  integrity sha512-9u/sniCrY3D5WdsERHzHE4G2YCXqoG5FTHUiCC4SIbr6XcLZBY05ya9EKjYek9O5xOAwjGq+1JdGBAS7Q9ScoA==
  dependencies:
    inherits "^2.0.3"
    string_decoder "^1.1.1"
    util-deprecate "^1.0.1"

safe-buffer@^5.0.1, safe-buffer@~5.2.0:
  version "5.2.1"
  resolved "https://registry.yarnpkg.com/safe-buffer/-/safe-buffer-5.2.1.tgz#1eaf9fa9bdb1fdd4ec75f58f9cdb4e6b7827eec6"
  integrity sha512-rp3So07KcdmmKbGvgaNxQSJr7bGVSVk5S9Eq1F+ppbRo70+YeaDxkw5Dd8NPN+GD6bjnYm2VuPuCXmpuYvmCXQ==

secure-json-parse@^2.4.0:
  version "2.7.0"
  resolved "https://registry.yarnpkg.com/secure-json-parse/-/secure-json-parse-2.7.0.tgz#5a5f9cd6ae47df23dba3151edd06855d47e09862"
  integrity sha512-6aU+Rwsezw7VR8/nyvKTx8QpWH9FrcYiXXlqC4z5d5XQBDRqtbfsRjnwGyqbi3gddNtWHuEk9OANUotL26qKUw==

sha.js@^2.4.9:
  version "2.4.11"
  resolved "https://registry.yarnpkg.com/sha.js/-/sha.js-2.4.11.tgz#37a5cf0b81ecbc6943de109ba2960d1b26584ae7"
  integrity sha512-QMEp5B7cftE7APOjk5Y6xgrbWu+WkLVQwk8JNjZ8nKRciZaByEW6MubieAiToS7+dwvrjGhH8jRXz3MVd0AYqQ==
  dependencies:
    inherits "^2.0.1"
    safe-buffer "^5.0.1"

simple-concat@^1.0.0:
  version "1.0.1"
  resolved "https://registry.yarnpkg.com/simple-concat/-/simple-concat-1.0.1.tgz#f46976082ba35c2263f1c8ab5edfe26c41c9552f"
  integrity sha512-cSFtAPtRhljv69IK0hTVZQ+OfE9nePi/rtJmw5UjHeVyVroEqJXP1sFztKUy1qU+xvz3u/sfYJLa947b7nAN2Q==

simple-get@^4.0.1:
  version "4.0.1"
  resolved "https://registry.yarnpkg.com/simple-get/-/simple-get-4.0.1.tgz#4a39db549287c979d352112fa03fd99fd6bc3543"
  integrity sha512-brv7p5WgH0jmQJr1ZDDfKDOSeWWg+OVypG99A/5vYGPqJ6pxiaHLy8nxtFjBA7oMa01ebA9gfh1uMCFqOuXxvA==
  dependencies:
    decompress-response "^6.0.0"
    once "^1.3.1"
    simple-concat "^1.0.0"

source-map-js@^1.0.2:
  version "1.0.2"
  resolved "https://registry.yarnpkg.com/source-map-js/-/source-map-js-1.0.2.tgz#adbc361d9c62df380125e7f161f71c826f1e490c"
  integrity sha512-R0XvVJ9WusLiqTCEiGCmICCMplcCkIwwR11mOSD9CR5u+IXYdiseeEuXCVAjS54zqwkLcPNnmU4OeJ6tUrWhDw==

string_decoder@^1.1.1:
  version "1.3.0"
  resolved "https://registry.yarnpkg.com/string_decoder/-/string_decoder-1.3.0.tgz#42f114594a46cf1a8e30b0a84f56c78c3edac21e"
  integrity sha512-hkRX8U1WjJFd8LsDJ2yQ/wWWxaopEsABU1XfkM8A+j0+85JAGppt16cr1Whg6KIbb4okU6Mql6BOj+uup/wKeA==
  dependencies:
    safe-buffer "~5.2.0"

typescript@^5.1.6:
  version "5.1.6"
  resolved "https://registry.yarnpkg.com/typescript/-/typescript-5.1.6.tgz#02f8ac202b6dad2c0dd5e0913745b47a37998274"
  integrity sha512-zaWCozRZ6DLEWAWFrVDz1H6FVXzUSfTy5FUMWsQlU8Ym5JP9eO4xkTIROFCQvhQf61z6O/G6ugw3SgAnvvm+HA==

util-deprecate@^1.0.1:
  version "1.0.2"
  resolved "https://registry.yarnpkg.com/util-deprecate/-/util-deprecate-1.0.2.tgz#450d4dc9fa70de732762fbd2d4a28981419a0ccf"
  integrity sha512-EPD5q1uXyFxJpCrLnCc1nHnq3gOa6DZBocAIiI2TaSCA7VCJ1UJDMagCzIkXNsUYfD1daK//LTEQ8xiIbrHtcw==

uuid@^9.0.0:
  version "9.0.0"
  resolved "https://registry.yarnpkg.com/uuid/-/uuid-9.0.0.tgz#592f550650024a38ceb0c562f2f6aa435761efb5"
  integrity sha512-MXcSTerfPa4uqyzStbRoTgt5XIe3x5+42+q1sDuy3R5MDk66URdLMOZe5aPX/SQd+kuYAh0FdP/pO28IkQyTeg==

wrappy@1:
  version "1.0.2"
  resolved "https://registry.yarnpkg.com/wrappy/-/wrappy-1.0.2.tgz#b5243d8f3ec1aa35f1364605bc0d1036e30ab69f"
  integrity sha512-l4Sp/DRseor9wL6EvV2+TuQn63dMkPjZ/sp9XkghTEbV9KlPS1xUsZ3u7/IQO4wxtcFB4bgpQPRcR3QCvezPcQ==
